{
  "version": 4,
  "terraform_version": "1.6.6",
  "serial": 23,
  "lineage": "12222b73-8d60-d480-e7dd-86d4aff3d73b",
  "outputs": {
    "private_key": {
      "value": "-----BEGIN RSA PRIVATE KEY-----\nMIIEpAIBAAKCAQEApke6sz328H6lz41XmpXUcrQluvAWiGoUrXCU2/mlUNajzpVm\nk6xr1nArhiWtgBGZ/icx422wcZBBy4fZhLDv5p7FuC5o6O4WnufPa8ao9DlpmzSe\nkFWTLEd5N9aXlLlTpA2NgUSzuLRoFHMeHe1hRyLUEfKcLm8SNkV/pmIGFYmgTMLV\nn+lr2fQoLz1rYq6R0b9q18DoAgKyNsDvCS3K14RGNxsxCV5d7Dh6SnPRpHRnVNSZ\nzn2jiQPYqVMH3FnwzCAciGFyyvxIFv0utlDnD/WDuhMT+6gN7msnStnHohNOEg1B\nVWzsHKZENMlftTccEkVOVh+KQohDXT8jv+n6XwIDAQABAoIBAQCMUdG6+tqNvsKc\nMPGxkSj0FxQT+hF50tNaPbxRGg4o9sjLR4aFriZektAX52nPvorOUDMocmNIomzz\nndOwx0PbwTanI/sCPhE2zfZbRA1F88Er6a65rI2C+1nPBjdqmS59LbaxVNG5V/zQ\n7QiIRs8lob2G285y3OZoiCOdu/DYcKxiwSX5YC8Ag5o/1HDG7dgjFyUvl+vF/NlB\nFjvPAmhLNGp3E8p7I+YSa6yMe5D6QKd5q5jFJIRBT4WgV3+m+M3sMl4UDY6Keyic\nAMA3764oez6vQIK0sXMNwb1SYq9oVtCNRQ7l+BT4vQWDrB11WM7yFMWh08BMqBuJ\niSkMSFp5AoGBAMsJ9XrRo8p1jK+nIAKFjWa/ToEnGtWde4eQm9HymfkFEIkW+wVY\nM4YcFuC6yCHXiQZHdwxWNJ5pElDbpOBLUmcdQGUctkeImd4Ukr+45tJxME14Gl47\nADbF5/Z3XJBkwVql4/tXqo8OLFtUNomJ8+SCQGxwDmldUgyqyzunNVlNAoGBANGn\nL6ZwbOjKFXsLDaedoeRx59wcMN8jN192+9VzWS367Hh8eaYd7Pj0TD7uhTpWxOL6\nh7vIcTEzpR81wV+pZMvZJxetFemp0D0Hp2sAUmAppz5rtY3vHD1GYjDsOc5xELd0\nfFoIvl+p1v/1Tts3iq9/TQZX/IUo2NbNY7w6AixbAoGAMSKz2YkqTjCsX0XepT2U\nvqzFXtQL1m5KGsCQNPq08GKdYc/B58U0ktvxXWlWTXpPmslosf+atEtRN2gwOmeA\nBZw6nT2Zjy4rrmbkLKmekob53YWXO/6jSp4SSL8SE4+Oi1ViGs1YZU5UxbVXjWlp\nMH+k/5kOo8kFtjMPA9yvOHECgYEAv/6cW47fnfva2hiQQ6zO4ncRv3gtpVsJzaoY\nDCybQclmHxzXBrKnHoITBRrH9Voa6kZGYUi5qDZEhCVlVma5gRj3fO4sgBTcN9e3\nkPz1c00R9M8Mr9OGh/LZ3zWl5pGSnn7VllolhVPzKeoLciQWJIuvDR0siwGSOnxT\nVr/E17sCgYBt6DrlXM72xNLXEKZ789H14gHcGTsRNYr643j3XEDiZRaGerXVZz1E\nJd/VuzAdfQ9QoxZ2f5maJsHJyQZ0oOxiAXXh9IY8XzD9pYPWQt3+rV20gc/8MFus\nqH8RLeAQRjRjkOOgJdKhcIkLbIg80cjxtj6EnWxvtt70n29Fwuu6Lg==\n-----END RSA PRIVATE KEY-----\n",
      "type": "string",
      "sensitive": true
    }
  },
  "resources": [
    {
      "mode": "managed",
      "type": "azurerm_linux_virtual_machine",
      "name": "master",
      "provider": "provider[\"registry.terraform.io/hashicorp/azurerm\"]",
      "instances": [
        {
          "schema_version": 0,
          "attributes": {
            "additional_capabilities": [],
            "admin_password": null,
            "admin_ssh_key": [
              {
                "public_key": "ssh-rsa AAAAB3NzaC1yc2EAAAADAQABAAABAQCmR7qzPfbwfqXPjVealdRytCW68BaIahStcJTb+aVQ1qPOlWaTrGvWcCuGJa2AEZn+JzHjbbBxkEHLh9mEsO/mnsW4Lmjo7hae589rxqj0OWmbNJ6QVZMsR3k31peUuVOkDY2BRLO4tGgUcx4d7WFHItQR8pwubxI2RX+mYgYViaBMwtWf6WvZ9CgvPWtirpHRv2rXwOgCArI2wO8JLcrXhEY3GzEJXl3sOHpKc9GkdGdU1JnOfaOJA9ipUwfcWfDMIByIYXLK/EgW/S62UOcP9YO6ExP7qA3uaydK2ceiE04SDUFVbOwcpkQ0yV+1NxwSRU5WH4pCiENdPyO/6fpf\n",
                "username": "Admin_azure"
              }
            ],
            "admin_username": "Admin_azure",
            "allow_extension_operations": true,
            "availability_set_id": "",
            "boot_diagnostics": [],
            "bypass_platform_safety_checks_on_user_schedule_enabled": false,
            "capacity_reservation_group_id": "",
            "computer_name": "master",
            "custom_data": null,
            "dedicated_host_group_id": "",
            "dedicated_host_id": "",
            "disable_password_authentication": true,
            "edge_zone": "",
            "encryption_at_host_enabled": false,
            "eviction_policy": "",
            "extensions_time_budget": "PT1H30M",
            "gallery_application": [],
            "id": "/subscriptions/8b770f2f-8a7f-4db1-a45b-5f52b9dc6c73/resourceGroups/resource-group-terra/providers/Microsoft.Compute/virtualMachines/master",
            "identity": [],
            "license_type": "",
            "location": "francecentral",
            "max_bid_price": -1,
            "name": "master",
            "network_interface_ids": [
              "/subscriptions/8b770f2f-8a7f-4db1-a45b-5f52b9dc6c73/resourceGroups/resource-group-terra/providers/Microsoft.Network/networkInterfaces/Azure_NI"
            ],
            "os_disk": [
              {
                "caching": "ReadWrite",
                "diff_disk_settings": [],
                "disk_encryption_set_id": "",
                "disk_size_gb": 30,
                "name": "master_OsDisk_1_be6be51138a3430487ff3c01aef81979",
                "secure_vm_disk_encryption_set_id": "",
                "security_encryption_type": "",
                "storage_account_type": "Standard_LRS",
                "write_accelerator_enabled": false
              }
            ],
            "patch_assessment_mode": "ImageDefault",
            "patch_mode": "ImageDefault",
            "plan": [],
            "platform_fault_domain": -1,
            "priority": "Regular",
            "private_ip_address": "10.0.0.4",
            "private_ip_addresses": [
              "10.0.0.4"
            ],
            "provision_vm_agent": true,
            "proximity_placement_group_id": "",
            "public_ip_address": "4.233.130.109",
            "public_ip_addresses": [
              "4.233.130.109"
            ],
            "reboot_setting": "",
            "resource_group_name": "resource-group-terra",
            "secret": [],
            "secure_boot_enabled": false,
            "size": "Standard_F2",
            "source_image_id": "",
            "source_image_reference": [
              {
                "offer": "0001-com-ubuntu-server-jammy",
                "publisher": "Canonical",
                "sku": "22_04-lts",
                "version": "latest"
              }
            ],
            "tags": null,
            "termination_notification": [],
            "timeouts": null,
            "user_data": "",
            "virtual_machine_id": "5700e63f-c063-470a-ac05-aa653f5e6583",
            "virtual_machine_scale_set_id": "",
            "vtpm_enabled": false,
            "zone": ""
          },
          "sensitive_attributes": [],
          "private": "eyJlMmJmYjczMC1lY2FhLTExZTYtOGY4OC0zNDM2M2JjN2M0YzAiOnsiY3JlYXRlIjoyNzAwMDAwMDAwMDAwLCJkZWxldGUiOjI3MDAwMDAwMDAwMDAsInJlYWQiOjMwMDAwMDAwMDAwMCwidXBkYXRlIjoyNzAwMDAwMDAwMDAwfX0=",
          "dependencies": [
            "azurerm_network_interface.Azure_NI",
            "azurerm_public_ip.public_ip",
            "azurerm_resource_group.RG",
            "azurerm_subnet.Azure_subnet",
            "azurerm_virtual_network.AZVN",
            "tls_private_key.example"
          ]
        }
      ]
    },
    {
      "mode": "managed",
      "type": "azurerm_network_interface",
      "name": "Azure_NI",
      "provider": "provider[\"registry.terraform.io/hashicorp/azurerm\"]",
      "instances": [
        {
          "schema_version": 0,
          "attributes": {
            "applied_dns_servers": [],
            "auxiliary_mode": "",
            "auxiliary_sku": "",
            "dns_servers": [],
            "edge_zone": "",
            "enable_accelerated_networking": false,
            "enable_ip_forwarding": false,
            "id": "/subscriptions/8b770f2f-8a7f-4db1-a45b-5f52b9dc6c73/resourceGroups/resource-group-terra/providers/Microsoft.Network/networkInterfaces/Azure_NI",
            "internal_dns_name_label": "",
            "internal_domain_name_suffix": "",
            "ip_configuration": [
              {
                "gateway_load_balancer_frontend_ip_configuration_id": "",
                "name": "internal",
                "primary": true,
                "private_ip_address": "10.0.0.4",
                "private_ip_address_allocation": "Dynamic",
                "private_ip_address_version": "IPv4",
                "public_ip_address_id": "/subscriptions/8b770f2f-8a7f-4db1-a45b-5f52b9dc6c73/resourceGroups/resource-group-terra/providers/Microsoft.Network/publicIPAddresses/public-ip",
                "subnet_id": "/subscriptions/8b770f2f-8a7f-4db1-a45b-5f52b9dc6c73/resourceGroups/resource-group-terra/providers/Microsoft.Network/virtualNetworks/AZVN-network/subnets/Azure_subnet"
              }
            ],
            "location": "francecentral",
            "mac_address": "60-45-BD-6D-F8-10",
            "name": "Azure_NI",
            "private_ip_address": "10.0.0.4",
            "private_ip_addresses": [
              "10.0.0.4"
            ],
            "resource_group_name": "resource-group-terra",
            "tags": {},
            "timeouts": null,
            "virtual_machine_id": ""
          },
          "sensitive_attributes": [],
          "private": "eyJlMmJmYjczMC1lY2FhLTExZTYtOGY4OC0zNDM2M2JjN2M0YzAiOnsiY3JlYXRlIjoxODAwMDAwMDAwMDAwLCJkZWxldGUiOjE4MDAwMDAwMDAwMDAsInJlYWQiOjMwMDAwMDAwMDAwMCwidXBkYXRlIjoxODAwMDAwMDAwMDAwfSwic2NoZW1hX3ZlcnNpb24iOiIwIn0=",
          "dependencies": [
            "azurerm_public_ip.public_ip",
            "azurerm_resource_group.RG",
            "azurerm_subnet.Azure_subnet",
            "azurerm_virtual_network.AZVN"
          ]
        }
      ]
    },
    {
      "mode": "managed",
      "type": "azurerm_network_interface_security_group_association",
      "name": "nsg_association",
      "provider": "provider[\"registry.terraform.io/hashicorp/azurerm\"]",
      "instances": [
        {
          "schema_version": 0,
          "attributes": {
            "id": "/subscriptions/8b770f2f-8a7f-4db1-a45b-5f52b9dc6c73/resourceGroups/resource-group-terra/providers/Microsoft.Network/networkInterfaces/Azure_NI|/subscriptions/8b770f2f-8a7f-4db1-a45b-5f52b9dc6c73/resourceGroups/resource-group-terra/providers/Microsoft.Network/networkSecurityGroups/NSG-SSH",
            "network_interface_id": "/subscriptions/8b770f2f-8a7f-4db1-a45b-5f52b9dc6c73/resourceGroups/resource-group-terra/providers/Microsoft.Network/networkInterfaces/Azure_NI",
            "network_security_group_id": "/subscriptions/8b770f2f-8a7f-4db1-a45b-5f52b9dc6c73/resourceGroups/resource-group-terra/providers/Microsoft.Network/networkSecurityGroups/NSG-SSH",
            "timeouts": null
          },
          "sensitive_attributes": [],
          "private": "eyJlMmJmYjczMC1lY2FhLTExZTYtOGY4OC0zNDM2M2JjN2M0YzAiOnsiY3JlYXRlIjoxODAwMDAwMDAwMDAwLCJkZWxldGUiOjE4MDAwMDAwMDAwMDAsInJlYWQiOjMwMDAwMDAwMDAwMH0sInNjaGVtYV92ZXJzaW9uIjoiMCJ9"
        }
      ]
    },
    {
      "mode": "managed",
      "type": "azurerm_network_security_group",
      "name": "nsg",
      "provider": "provider[\"registry.terraform.io/hashicorp/azurerm\"]",
      "instances": [
        {
          "schema_version": 0,
          "attributes": {
            "id": "/subscriptions/8b770f2f-8a7f-4db1-a45b-5f52b9dc6c73/resourceGroups/resource-group-terra/providers/Microsoft.Network/networkSecurityGroups/NSG-SSH",
            "location": "francecentral",
            "name": "NSG-SSH",
            "resource_group_name": "resource-group-terra",
            "security_rule": [
              {
                "access": "Allow",
                "description": "",
                "destination_address_prefix": "*",
                "destination_address_prefixes": [],
                "destination_application_security_group_ids": [],
                "destination_port_range": "22",
                "destination_port_ranges": [],
                "direction": "Inbound",
                "name": "Allow-SSH",
                "priority": 1001,
                "protocol": "Tcp",
                "source_address_prefix": "*",
                "source_address_prefixes": [],
                "source_application_security_group_ids": [],
                "source_port_range": "*",
                "source_port_ranges": []
              }
            ],
            "tags": {},
            "timeouts": null
          },
          "sensitive_attributes": [],
          "private": "eyJlMmJmYjczMC1lY2FhLTExZTYtOGY4OC0zNDM2M2JjN2M0YzAiOnsiY3JlYXRlIjoxODAwMDAwMDAwMDAwLCJkZWxldGUiOjE4MDAwMDAwMDAwMDAsInJlYWQiOjMwMDAwMDAwMDAwMCwidXBkYXRlIjoxODAwMDAwMDAwMDAwfSwic2NoZW1hX3ZlcnNpb24iOiIwIn0=",
          "dependencies": [
            "azurerm_resource_group.RG"
          ]
        }
      ]
    },
    {
      "mode": "managed",
      "type": "azurerm_network_security_rule",
      "name": "ssh_rule",
      "provider": "provider[\"registry.terraform.io/hashicorp/azurerm\"]",
      "instances": [
        {
          "schema_version": 0,
          "attributes": {
            "access": "Allow",
            "description": "",
            "destination_address_prefix": "*",
            "destination_address_prefixes": [],
            "destination_application_security_group_ids": [],
            "destination_port_range": "22",
            "destination_port_ranges": [],
            "direction": "Inbound",
            "id": "/subscriptions/8b770f2f-8a7f-4db1-a45b-5f52b9dc6c73/resourceGroups/resource-group-terra/providers/Microsoft.Network/networkSecurityGroups/NSG-SSH/securityRules/Allow-SSH",
            "name": "Allow-SSH",
            "network_security_group_name": "NSG-SSH",
            "priority": 1001,
            "protocol": "Tcp",
            "resource_group_name": "resource-group-terra",
            "source_address_prefix": "*",
            "source_address_prefixes": [],
            "source_application_security_group_ids": [],
            "source_port_range": "*",
            "source_port_ranges": [],
            "timeouts": null
          },
          "sensitive_attributes": [],
          "private": "eyJlMmJmYjczMC1lY2FhLTExZTYtOGY4OC0zNDM2M2JjN2M0YzAiOnsiY3JlYXRlIjoxODAwMDAwMDAwMDAwLCJkZWxldGUiOjE4MDAwMDAwMDAwMDAsInJlYWQiOjMwMDAwMDAwMDAwMCwidXBkYXRlIjoxODAwMDAwMDAwMDAwfSwic2NoZW1hX3ZlcnNpb24iOiIwIn0=",
          "dependencies": [
            "azurerm_network_security_group.nsg",
            "azurerm_resource_group.RG"
          ]
        }
      ]
    },
    {
      "mode": "managed",
      "type": "azurerm_public_ip",
      "name": "public_ip",
      "provider": "provider[\"registry.terraform.io/hashicorp/azurerm\"]",
      "instances": [
        {
          "schema_version": 0,
          "attributes": {
            "allocation_method": "Dynamic",
            "ddos_protection_mode": "VirtualNetworkInherited",
            "ddos_protection_plan_id": null,
            "domain_name_label": null,
            "edge_zone": "",
            "fqdn": null,
            "id": "/subscriptions/8b770f2f-8a7f-4db1-a45b-5f52b9dc6c73/resourceGroups/resource-group-terra/providers/Microsoft.Network/publicIPAddresses/public-ip",
            "idle_timeout_in_minutes": 4,
            "ip_address": "",
            "ip_tags": {},
            "ip_version": "IPv4",
            "location": "francecentral",
            "name": "public-ip",
            "public_ip_prefix_id": null,
            "resource_group_name": "resource-group-terra",
            "reverse_fqdn": null,
            "sku": "Basic",
            "sku_tier": "Regional",
            "tags": {},
            "timeouts": null,
            "zones": []
          },
          "sensitive_attributes": [],
          "private": "eyJlMmJmYjczMC1lY2FhLTExZTYtOGY4OC0zNDM2M2JjN2M0YzAiOnsiY3JlYXRlIjoxODAwMDAwMDAwMDAwLCJkZWxldGUiOjE4MDAwMDAwMDAwMDAsInJlYWQiOjMwMDAwMDAwMDAwMCwidXBkYXRlIjoxODAwMDAwMDAwMDAwfSwic2NoZW1hX3ZlcnNpb24iOiIwIn0=",
          "dependencies": [
            "azurerm_resource_group.RG"
          ]
        }
      ]
    },
    {
      "mode": "managed",
      "type": "azurerm_resource_group",
      "name": "RG",
      "provider": "provider[\"registry.terraform.io/hashicorp/azurerm\"]",
      "instances": [
        {
          "schema_version": 0,
          "attributes": {
            "id": "/subscriptions/8b770f2f-8a7f-4db1-a45b-5f52b9dc6c73/resourceGroups/resource-group-terra",
            "location": "francecentral",
            "managed_by": "",
            "name": "resource-group-terra",
            "tags": {},
            "timeouts": null
          },
          "sensitive_attributes": [],
          "private": "eyJlMmJmYjczMC1lY2FhLTExZTYtOGY4OC0zNDM2M2JjN2M0YzAiOnsiY3JlYXRlIjo1NDAwMDAwMDAwMDAwLCJkZWxldGUiOjU0MDAwMDAwMDAwMDAsInJlYWQiOjMwMDAwMDAwMDAwMCwidXBkYXRlIjo1NDAwMDAwMDAwMDAwfSwic2NoZW1hX3ZlcnNpb24iOiIwIn0="
        }
      ]
    },
    {
      "mode": "managed",
      "type": "azurerm_subnet",
      "name": "Azure_subnet",
      "provider": "provider[\"registry.terraform.io/hashicorp/azurerm\"]",
      "instances": [
        {
          "schema_version": 0,
          "attributes": {
            "address_prefixes": [
              "10.0.0.0/24"
            ],
            "delegation": [],
            "enforce_private_link_endpoint_network_policies": false,
            "enforce_private_link_service_network_policies": false,
            "id": "/subscriptions/8b770f2f-8a7f-4db1-a45b-5f52b9dc6c73/resourceGroups/resource-group-terra/providers/Microsoft.Network/virtualNetworks/AZVN-network/subnets/Azure_subnet",
            "name": "Azure_subnet",
            "private_endpoint_network_policies_enabled": true,
            "private_link_service_network_policies_enabled": true,
            "resource_group_name": "resource-group-terra",
            "service_endpoint_policy_ids": [],
            "service_endpoints": [],
            "timeouts": null,
            "virtual_network_name": "AZVN-network"
          },
          "sensitive_attributes": [],
          "private": "eyJlMmJmYjczMC1lY2FhLTExZTYtOGY4OC0zNDM2M2JjN2M0YzAiOnsiY3JlYXRlIjoxODAwMDAwMDAwMDAwLCJkZWxldGUiOjE4MDAwMDAwMDAwMDAsInJlYWQiOjMwMDAwMDAwMDAwMCwidXBkYXRlIjoxODAwMDAwMDAwMDAwfSwic2NoZW1hX3ZlcnNpb24iOiIwIn0=",
          "dependencies": [
            "azurerm_resource_group.RG",
            "azurerm_virtual_network.AZVN"
          ]
        }
      ]
    },
    {
      "mode": "managed",
      "type": "azurerm_virtual_network",
      "name": "AZVN",
      "provider": "provider[\"registry.terraform.io/hashicorp/azurerm\"]",
      "instances": [
        {
          "schema_version": 0,
          "attributes": {
            "address_space": [
              "10.0.0.0/16"
            ],
            "bgp_community": "",
            "ddos_protection_plan": [],
            "dns_servers": [],
            "edge_zone": "",
            "encryption": [],
            "flow_timeout_in_minutes": 0,
            "guid": "9dbfbe4a-0965-4dd1-aebc-5330487f03d6",
            "id": "/subscriptions/8b770f2f-8a7f-4db1-a45b-5f52b9dc6c73/resourceGroups/resource-group-terra/providers/Microsoft.Network/virtualNetworks/AZVN-network",
            "location": "francecentral",
            "name": "AZVN-network",
            "resource_group_name": "resource-group-terra",
            "subnet": [
              {
                "address_prefix": "10.0.0.0/24",
                "id": "/subscriptions/8b770f2f-8a7f-4db1-a45b-5f52b9dc6c73/resourceGroups/resource-group-terra/providers/Microsoft.Network/virtualNetworks/AZVN-network/subnets/Azure_subnet",
                "name": "Azure_subnet",
                "security_group": ""
              }
            ],
            "tags": {},
            "timeouts": null
          },
          "sensitive_attributes": [],
          "private": "eyJlMmJmYjczMC1lY2FhLTExZTYtOGY4OC0zNDM2M2JjN2M0YzAiOnsiY3JlYXRlIjoxODAwMDAwMDAwMDAwLCJkZWxldGUiOjE4MDAwMDAwMDAwMDAsInJlYWQiOjMwMDAwMDAwMDAwMCwidXBkYXRlIjoxODAwMDAwMDAwMDAwfSwic2NoZW1hX3ZlcnNpb24iOiIwIn0=",
          "dependencies": [
            "azurerm_resource_group.RG"
          ]
        }
      ]
    },
    {
      "mode": "managed",
      "type": "tls_private_key",
      "name": "example",
      "provider": "provider[\"registry.terraform.io/hashicorp/tls\"]",
      "instances": [
        {
          "schema_version": 1,
          "attributes": {
            "algorithm": "RSA",
            "ecdsa_curve": "P224",
            "id": "f9bc413197853912e6a20611997ad9994236e687",
            "private_key_openssh": "-----BEGIN OPENSSH PRIVATE KEY-----\nb3BlbnNzaC1rZXktdjEAAAAABG5vbmUAAAAEbm9uZQAAAAAAAAABAAABFwAAAAdz\nc2gtcnNhAAAAAwEAAQAAAQEApke6sz328H6lz41XmpXUcrQluvAWiGoUrXCU2/ml\nUNajzpVmk6xr1nArhiWtgBGZ/icx422wcZBBy4fZhLDv5p7FuC5o6O4WnufPa8ao\n9DlpmzSekFWTLEd5N9aXlLlTpA2NgUSzuLRoFHMeHe1hRyLUEfKcLm8SNkV/pmIG\nFYmgTMLVn+lr2fQoLz1rYq6R0b9q18DoAgKyNsDvCS3K14RGNxsxCV5d7Dh6SnPR\npHRnVNSZzn2jiQPYqVMH3FnwzCAciGFyyvxIFv0utlDnD/WDuhMT+6gN7msnStnH\nohNOEg1BVWzsHKZENMlftTccEkVOVh+KQohDXT8jv+n6XwAAA7hHtT14R7U9eAAA\nAAdzc2gtcnNhAAABAQCmR7qzPfbwfqXPjVealdRytCW68BaIahStcJTb+aVQ1qPO\nlWaTrGvWcCuGJa2AEZn+JzHjbbBxkEHLh9mEsO/mnsW4Lmjo7hae589rxqj0OWmb\nNJ6QVZMsR3k31peUuVOkDY2BRLO4tGgUcx4d7WFHItQR8pwubxI2RX+mYgYViaBM\nwtWf6WvZ9CgvPWtirpHRv2rXwOgCArI2wO8JLcrXhEY3GzEJXl3sOHpKc9GkdGdU\n1JnOfaOJA9ipUwfcWfDMIByIYXLK/EgW/S62UOcP9YO6ExP7qA3uaydK2ceiE04S\nDUFVbOwcpkQ0yV+1NxwSRU5WH4pCiENdPyO/6fpfAAAAAwEAAQAAAQEAjFHRuvra\njb7CnDDxsZEo9BcUE/oRedLTWj28URoOKPbIy0eGha4mXpLQF+dpz76KzlAzKHJj\nSKJs853TsMdD28E2pyP7Aj4RNs32W0QNRfPBK+muuayNgvtZzwY3apkufS22sVTR\nuVf80O0IiEbPJaG9htvOctzmaIgjnbvw2HCsYsEl+WAvAIOaP9Rwxu3YIxclL5fr\nxfzZQRY7zwJoSzRqdxPKeyPmEmusjHuQ+kCneauYxSSEQU+FoFd/pvjN7DJeFA2O\ninsonADAN++uKHs+r0CCtLFzDcG9UmKvaFbQjUUO5fgU+L0Fg6wddVjO8hTFodPA\nTKgbiYkpDEhaeQAAAIBt6DrlXM72xNLXEKZ789H14gHcGTsRNYr643j3XEDiZRaG\nerXVZz1EJd/VuzAdfQ9QoxZ2f5maJsHJyQZ0oOxiAXXh9IY8XzD9pYPWQt3+rV20\ngc/8MFusqH8RLeAQRjRjkOOgJdKhcIkLbIg80cjxtj6EnWxvtt70n29Fwuu6LgAA\nAIEAywn1etGjynWMr6cgAoWNZr9OgSca1Z17h5Cb0fKZ+QUQiRb7BVgzhhwW4LrI\nIdeJBkd3DFY0nmkSUNuk4EtSZx1AZRy2R4iZ3hSSv7jm0nEwTXgaXjsANsXn9ndc\nkGTBWqXj+1eqjw4sW1Q2iYnz5IJAbHAOaV1SDKrLO6c1WU0AAACBANGnL6ZwbOjK\nFXsLDaedoeRx59wcMN8jN192+9VzWS367Hh8eaYd7Pj0TD7uhTpWxOL6h7vIcTEz\npR81wV+pZMvZJxetFemp0D0Hp2sAUmAppz5rtY3vHD1GYjDsOc5xELd0fFoIvl+p\n1v/1Tts3iq9/TQZX/IUo2NbNY7w6AixbAAAAAAEC\n-----END OPENSSH PRIVATE KEY-----\n",
            "private_key_pem": "-----BEGIN RSA PRIVATE KEY-----\nMIIEpAIBAAKCAQEApke6sz328H6lz41XmpXUcrQluvAWiGoUrXCU2/mlUNajzpVm\nk6xr1nArhiWtgBGZ/icx422wcZBBy4fZhLDv5p7FuC5o6O4WnufPa8ao9DlpmzSe\nkFWTLEd5N9aXlLlTpA2NgUSzuLRoFHMeHe1hRyLUEfKcLm8SNkV/pmIGFYmgTMLV\nn+lr2fQoLz1rYq6R0b9q18DoAgKyNsDvCS3K14RGNxsxCV5d7Dh6SnPRpHRnVNSZ\nzn2jiQPYqVMH3FnwzCAciGFyyvxIFv0utlDnD/WDuhMT+6gN7msnStnHohNOEg1B\nVWzsHKZENMlftTccEkVOVh+KQohDXT8jv+n6XwIDAQABAoIBAQCMUdG6+tqNvsKc\nMPGxkSj0FxQT+hF50tNaPbxRGg4o9sjLR4aFriZektAX52nPvorOUDMocmNIomzz\nndOwx0PbwTanI/sCPhE2zfZbRA1F88Er6a65rI2C+1nPBjdqmS59LbaxVNG5V/zQ\n7QiIRs8lob2G285y3OZoiCOdu/DYcKxiwSX5YC8Ag5o/1HDG7dgjFyUvl+vF/NlB\nFjvPAmhLNGp3E8p7I+YSa6yMe5D6QKd5q5jFJIRBT4WgV3+m+M3sMl4UDY6Keyic\nAMA3764oez6vQIK0sXMNwb1SYq9oVtCNRQ7l+BT4vQWDrB11WM7yFMWh08BMqBuJ\niSkMSFp5AoGBAMsJ9XrRo8p1jK+nIAKFjWa/ToEnGtWde4eQm9HymfkFEIkW+wVY\nM4YcFuC6yCHXiQZHdwxWNJ5pElDbpOBLUmcdQGUctkeImd4Ukr+45tJxME14Gl47\nADbF5/Z3XJBkwVql4/tXqo8OLFtUNomJ8+SCQGxwDmldUgyqyzunNVlNAoGBANGn\nL6ZwbOjKFXsLDaedoeRx59wcMN8jN192+9VzWS367Hh8eaYd7Pj0TD7uhTpWxOL6\nh7vIcTEzpR81wV+pZMvZJxetFemp0D0Hp2sAUmAppz5rtY3vHD1GYjDsOc5xELd0\nfFoIvl+p1v/1Tts3iq9/TQZX/IUo2NbNY7w6AixbAoGAMSKz2YkqTjCsX0XepT2U\nvqzFXtQL1m5KGsCQNPq08GKdYc/B58U0ktvxXWlWTXpPmslosf+atEtRN2gwOmeA\nBZw6nT2Zjy4rrmbkLKmekob53YWXO/6jSp4SSL8SE4+Oi1ViGs1YZU5UxbVXjWlp\nMH+k/5kOo8kFtjMPA9yvOHECgYEAv/6cW47fnfva2hiQQ6zO4ncRv3gtpVsJzaoY\nDCybQclmHxzXBrKnHoITBRrH9Voa6kZGYUi5qDZEhCVlVma5gRj3fO4sgBTcN9e3\nkPz1c00R9M8Mr9OGh/LZ3zWl5pGSnn7VllolhVPzKeoLciQWJIuvDR0siwGSOnxT\nVr/E17sCgYBt6DrlXM72xNLXEKZ789H14gHcGTsRNYr643j3XEDiZRaGerXVZz1E\nJd/VuzAdfQ9QoxZ2f5maJsHJyQZ0oOxiAXXh9IY8XzD9pYPWQt3+rV20gc/8MFus\nqH8RLeAQRjRjkOOgJdKhcIkLbIg80cjxtj6EnWxvtt70n29Fwuu6Lg==\n-----END RSA PRIVATE KEY-----\n",
            "private_key_pem_pkcs8": "-----BEGIN PRIVATE KEY-----\nMIIEvgIBADANBgkqhkiG9w0BAQEFAASCBKgwggSkAgEAAoIBAQCmR7qzPfbwfqXP\njVealdRytCW68BaIahStcJTb+aVQ1qPOlWaTrGvWcCuGJa2AEZn+JzHjbbBxkEHL\nh9mEsO/mnsW4Lmjo7hae589rxqj0OWmbNJ6QVZMsR3k31peUuVOkDY2BRLO4tGgU\ncx4d7WFHItQR8pwubxI2RX+mYgYViaBMwtWf6WvZ9CgvPWtirpHRv2rXwOgCArI2\nwO8JLcrXhEY3GzEJXl3sOHpKc9GkdGdU1JnOfaOJA9ipUwfcWfDMIByIYXLK/EgW\n/S62UOcP9YO6ExP7qA3uaydK2ceiE04SDUFVbOwcpkQ0yV+1NxwSRU5WH4pCiENd\nPyO/6fpfAgMBAAECggEBAIxR0br62o2+wpww8bGRKPQXFBP6EXnS01o9vFEaDij2\nyMtHhoWuJl6S0Bfnac++is5QMyhyY0iibPOd07DHQ9vBNqcj+wI+ETbN9ltEDUXz\nwSvprrmsjYL7Wc8GN2qZLn0ttrFU0blX/NDtCIhGzyWhvYbbznLc5miII5278Nhw\nrGLBJflgLwCDmj/UcMbt2CMXJS+X68X82UEWO88CaEs0ancTynsj5hJrrIx7kPpA\np3mrmMUkhEFPhaBXf6b4zewyXhQNjop7KJwAwDfvrih7Pq9AgrSxcw3BvVJir2hW\n0I1FDuX4FPi9BYOsHXVYzvIUxaHTwEyoG4mJKQxIWnkCgYEAywn1etGjynWMr6cg\nAoWNZr9OgSca1Z17h5Cb0fKZ+QUQiRb7BVgzhhwW4LrIIdeJBkd3DFY0nmkSUNuk\n4EtSZx1AZRy2R4iZ3hSSv7jm0nEwTXgaXjsANsXn9ndckGTBWqXj+1eqjw4sW1Q2\niYnz5IJAbHAOaV1SDKrLO6c1WU0CgYEA0acvpnBs6MoVewsNp52h5HHn3Bww3yM3\nX3b71XNZLfrseHx5ph3s+PRMPu6FOlbE4vqHu8hxMTOlHzXBX6lky9knF60V6anQ\nPQenawBSYCmnPmu1je8cPUZiMOw5znEQt3R8Wgi+X6nW//VO2zeKr39NBlf8hSjY\n1s1jvDoCLFsCgYAxIrPZiSpOMKxfRd6lPZS+rMVe1AvWbkoawJA0+rTwYp1hz8Hn\nxTSS2/FdaVZNek+ayWix/5q0S1E3aDA6Z4AFnDqdPZmPLiuuZuQsqZ6ShvndhZc7\n/qNKnhJIvxITj46LVWIazVhlTlTFtVeNaWkwf6T/mQ6jyQW2Mw8D3K84cQKBgQC/\n/pxbjt+d+9raGJBDrM7idxG/eC2lWwnNqhgMLJtByWYfHNcGsqceghMFGsf1Whrq\nRkZhSLmoNkSEJWVWZrmBGPd87iyAFNw317eQ/PVzTRH0zwyv04aH8tnfNaXmkZKe\nftWWWiWFU/Mp6gtyJBYki68NHSyLAZI6fFNWv8TXuwKBgG3oOuVczvbE0tcQpnvz\n0fXiAdwZOxE1ivrjePdcQOJlFoZ6tdVnPUQl39W7MB19D1CjFnZ/mZomwcnJBnSg\n7GIBdeH0hjxfMP2lg9ZC3f6tXbSBz/wwW6yofxEt4BBGNGOQ46Al0qFwiQtsiDzR\nyPG2PoSdbG+23vSfb0XC67ou\n-----END PRIVATE KEY-----\n",
            "public_key_fingerprint_md5": "97:49:a3:83:f5:2d:f0:28:59:85:42:7a:3f:cd:a3:54",
            "public_key_fingerprint_sha256": "SHA256:heHDeNnlIR3eNwzwjAn3B+QjHjM0r0qoFGLvlAGEyPQ",
            "public_key_openssh": "ssh-rsa AAAAB3NzaC1yc2EAAAADAQABAAABAQCmR7qzPfbwfqXPjVealdRytCW68BaIahStcJTb+aVQ1qPOlWaTrGvWcCuGJa2AEZn+JzHjbbBxkEHLh9mEsO/mnsW4Lmjo7hae589rxqj0OWmbNJ6QVZMsR3k31peUuVOkDY2BRLO4tGgUcx4d7WFHItQR8pwubxI2RX+mYgYViaBMwtWf6WvZ9CgvPWtirpHRv2rXwOgCArI2wO8JLcrXhEY3GzEJXl3sOHpKc9GkdGdU1JnOfaOJA9ipUwfcWfDMIByIYXLK/EgW/S62UOcP9YO6ExP7qA3uaydK2ceiE04SDUFVbOwcpkQ0yV+1NxwSRU5WH4pCiENdPyO/6fpf\n",
            "public_key_pem": "-----BEGIN PUBLIC KEY-----\nMIIBIjANBgkqhkiG9w0BAQEFAAOCAQ8AMIIBCgKCAQEApke6sz328H6lz41XmpXU\ncrQluvAWiGoUrXCU2/mlUNajzpVmk6xr1nArhiWtgBGZ/icx422wcZBBy4fZhLDv\n5p7FuC5o6O4WnufPa8ao9DlpmzSekFWTLEd5N9aXlLlTpA2NgUSzuLRoFHMeHe1h\nRyLUEfKcLm8SNkV/pmIGFYmgTMLVn+lr2fQoLz1rYq6R0b9q18DoAgKyNsDvCS3K\n14RGNxsxCV5d7Dh6SnPRpHRnVNSZzn2jiQPYqVMH3FnwzCAciGFyyvxIFv0utlDn\nD/WDuhMT+6gN7msnStnHohNOEg1BVWzsHKZENMlftTccEkVOVh+KQohDXT8jv+n6\nXwIDAQAB\n-----END PUBLIC KEY-----\n",
            "rsa_bits": 2048
          },
          "sensitive_attributes": []
        }
      ]
    }
  ],
  "check_results": null
}
